
Microsoft Visual Studio Solution File, Format Version 12.00
# Visual Studio Version 17
VisualStudioVersion = 17.14.36511.14 d17.14
MinimumVisualStudioVersion = 10.0.40219.1
Project("{FAE04EC0-301F-11D3-BF4B-00C04F79EFBC}") = "HospitalManagement&AppointmentSystem", "HospitalManagement&AppointmentSystem.csproj", "{38DED6AE-51BB-43E8-8F9A-1E50B7FD6438}"
EndProject
Global
	GlobalSection(SolutionConfigurationPlatforms) = preSolution
		Debug|Any CPU = Debug|Any CPU
		Release|Any CPU = Release|Any CPU
	EndGlobalSection
	GlobalSection(ProjectConfigurationPlatforms) = postSolution
		{38DED6AE-51BB-43E8-8F9A-1E50B7FD6438}.Debug|Any CPU.ActiveCfg = Debug|Any CPU
		{38DED6AE-51BB-43E8-8F9A-1E50B7FD6438}.Debug|Any CPU.Build.0 = Debug|Any CPU
		{38DED6AE-51BB-43E8-8F9A-1E50B7FD6438}.Release|Any CPU.ActiveCfg = Release|Any CPU
		{38DED6AE-51BB-43E8-8F9A-1E50B7FD6438}.Release|Any CPU.Build.0 = Release|Any CPU
	EndGlobalSection
	GlobalSection(SolutionProperties) = preSolution
		HideSolutionNode = FALSE
	EndGlobalSection
	GlobalSection(ExtensibilityGlobals) = postSolution
		SolutionGuid = {11C97306-13BA-456A-8066-9CB0485A89CF}
	EndGlobalSection
EndGlobal
